
Microsoft Visual Studio Solution File, Format Version 12.00
# Visual Studio Version 17
VisualStudioVersion = 17.7.34202.233
MinimumVisualStudioVersion = 10.0.40219.1
Project("{FAE04EC0-301F-11D3-BF4B-00C04F79EFBC}") = "functions", "functions\functions.csproj", "{707E6A93-C5E2-440A-AF95-E2FCE762F5D2}"
EndProject
Global
	GlobalSection(SolutionConfigurationPlatforms) = preSolution
		Debug|Any CPU = Debug|Any CPU
		Release|Any CPU = Release|Any CPU
	EndGlobalSection
	GlobalSection(ProjectConfigurationPlatforms) = postSolution
		{707E6A93-C5E2-440A-AF95-E2FCE762F5D2}.Debug|Any CPU.ActiveCfg = Debug|Any CPU
		{707E6A93-C5E2-440A-AF95-E2FCE762F5D2}.Debug|Any CPU.Build.0 = Debug|Any CPU
		{707E6A93-C5E2-440A-AF95-E2FCE762F5D2}.Release|Any CPU.ActiveCfg = Release|Any CPU
		{707E6A93-C5E2-440A-AF95-E2FCE762F5D2}.Release|Any CPU.Build.0 = Release|Any CPU
	EndGlobalSection
	GlobalSection(SolutionProperties) = preSolution
		HideSolutionNode = FALSE
	EndGlobalSection
	GlobalSection(ExtensibilityGlobals) = postSolution
		SolutionGuid = {C678A0E7-4827-404D-80D3-B4022FAD5718}
	EndGlobalSection
EndGlobal
