
Microsoft Visual Studio Solution File, Format Version 12.00
# Visual Studio Version 17
VisualStudioVersion = 17.7.34202.233
MinimumVisualStudioVersion = 10.0.40219.1
Project("{FAE04EC0-301F-11D3-BF4B-00C04F79EFBC}") = "OOP", "OOP\OOP.csproj", "{FFB63312-9014-46FC-9E24-47B441EE0197}"
EndProject
Global
	GlobalSection(SolutionConfigurationPlatforms) = preSolution
		Debug|Any CPU = Debug|Any CPU
		Release|Any CPU = Release|Any CPU
	EndGlobalSection
	GlobalSection(ProjectConfigurationPlatforms) = postSolution
		{FFB63312-9014-46FC-9E24-47B441EE0197}.Debug|Any CPU.ActiveCfg = Debug|Any CPU
		{FFB63312-9014-46FC-9E24-47B441EE0197}.Debug|Any CPU.Build.0 = Debug|Any CPU
		{FFB63312-9014-46FC-9E24-47B441EE0197}.Release|Any CPU.ActiveCfg = Release|Any CPU
		{FFB63312-9014-46FC-9E24-47B441EE0197}.Release|Any CPU.Build.0 = Release|Any CPU
	EndGlobalSection
	GlobalSection(SolutionProperties) = preSolution
		HideSolutionNode = FALSE
	EndGlobalSection
	GlobalSection(ExtensibilityGlobals) = postSolution
		SolutionGuid = {779C2BC1-6CD4-4BC6-86F7-D1AE05F87B8A}
	EndGlobalSection
EndGlobal
